
Microsoft Visual Studio Solution File, Format Version 12.00
# Visual Studio Version 17
VisualStudioVersion = 17.1.32421.90
MinimumVisualStudioVersion = 10.0.40219.1
Project("{FAE04EC0-301F-11D3-BF4B-00C04F79EFBC}") = "CRUD", "CRUD\CRUD.csproj", "{7596075B-6020-4026-9B0E-09571E3D21BB}"
EndProject
Global
	GlobalSection(SolutionConfigurationPlatforms) = preSolution
		Debug|Any CPU = Debug|Any CPU
		Release|Any CPU = Release|Any CPU
	EndGlobalSection
	GlobalSection(ProjectConfigurationPlatforms) = postSolution
		{7596075B-6020-4026-9B0E-09571E3D21BB}.Debug|Any CPU.ActiveCfg = Debug|Any CPU
		{7596075B-6020-4026-9B0E-09571E3D21BB}.Debug|Any CPU.Build.0 = Debug|Any CPU
		{7596075B-6020-4026-9B0E-09571E3D21BB}.Release|Any CPU.ActiveCfg = Release|Any CPU
		{7596075B-6020-4026-9B0E-09571E3D21BB}.Release|Any CPU.Build.0 = Release|Any CPU
	EndGlobalSection
	GlobalSection(SolutionProperties) = preSolution
		HideSolutionNode = FALSE
	EndGlobalSection
	GlobalSection(ExtensibilityGlobals) = postSolution
		SolutionGuid = {2AEE147C-21F9-451E-82F7-66FBBC6A909C}
	EndGlobalSection
EndGlobal
